
Microsoft Visual Studio Solution File, Format Version 12.00
# Visual Studio Version 16
VisualStudioVersion = 16.0.30114.105
MinimumVisualStudioVersion = 10.0.40219.1
Project("{FAE04EC0-301F-11D3-BF4B-00C04F79EFBC}") = "Add and Remove Items MOO ICT", "Add and Remove Items MOO ICT\Add and Remove Items MOO ICT.csproj", "{827B7489-1EF4-4354-91E8-EE336B3B0B46}"
EndProject
Global
	GlobalSection(SolutionConfigurationPlatforms) = preSolution
		Debug|Any CPU = Debug|Any CPU
		Release|Any CPU = Release|Any CPU
	EndGlobalSection
	GlobalSection(ProjectConfigurationPlatforms) = postSolution
		{827B7489-1EF4-4354-91E8-EE336B3B0B46}.Debug|Any CPU.ActiveCfg = Debug|Any CPU
		{827B7489-1EF4-4354-91E8-EE336B3B0B46}.Debug|Any CPU.Build.0 = Debug|Any CPU
		{827B7489-1EF4-4354-91E8-EE336B3B0B46}.Release|Any CPU.ActiveCfg = Release|Any CPU
		{827B7489-1EF4-4354-91E8-EE336B3B0B46}.Release|Any CPU.Build.0 = Release|Any CPU
	EndGlobalSection
	GlobalSection(SolutionProperties) = preSolution
		HideSolutionNode = FALSE
	EndGlobalSection
	GlobalSection(ExtensibilityGlobals) = postSolution
		SolutionGuid = {AE35C9FF-87B3-4E29-B6B3-B57EA7DEB45B}
	EndGlobalSection
EndGlobal
